
Microsoft Visual Studio Solution File, Format Version 12.00
# Visual Studio Version 17
VisualStudioVersion = 17.3.32929.385
MinimumVisualStudioVersion = 10.0.40219.1
Project("{FAE04EC0-301F-11D3-BF4B-00C04F79EFBC}") = "Tic-Tac-Toe", "Tic-Tac-Toe.csproj", "{93CAB6FC-D2E7-40A5-97E0-8DB609F0E4D0}"
EndProject
Global
	GlobalSection(SolutionConfigurationPlatforms) = preSolution
		Debug|Any CPU = Debug|Any CPU
		Release|Any CPU = Release|Any CPU
	EndGlobalSection
	GlobalSection(ProjectConfigurationPlatforms) = postSolution
		{93CAB6FC-D2E7-40A5-97E0-8DB609F0E4D0}.Debug|Any CPU.ActiveCfg = Debug|Any CPU
		{93CAB6FC-D2E7-40A5-97E0-8DB609F0E4D0}.Debug|Any CPU.Build.0 = Debug|Any CPU
		{93CAB6FC-D2E7-40A5-97E0-8DB609F0E4D0}.Release|Any CPU.ActiveCfg = Release|Any CPU
		{93CAB6FC-D2E7-40A5-97E0-8DB609F0E4D0}.Release|Any CPU.Build.0 = Release|Any CPU
	EndGlobalSection
	GlobalSection(SolutionProperties) = preSolution
		HideSolutionNode = FALSE
	EndGlobalSection
	GlobalSection(ExtensibilityGlobals) = postSolution
		SolutionGuid = {4CB0331A-3041-47A0-9098-45280CCC42B6}
	EndGlobalSection
EndGlobal
